
Microsoft Visual Studio Solution File, Format Version 12.00
# Visual Studio Version 16
VisualStudioVersion = 16.0.33027.164
MinimumVisualStudioVersion = 10.0.40219.1
Project("{FAE04EC0-301F-11D3-BF4B-00C04F79EFBC}") = "Chirper", "Chirper\Chirper.csproj", "{9565A06B-F747-4A41-A097-E592061BA67D}"
EndProject
Global
	GlobalSection(SolutionConfigurationPlatforms) = preSolution
		Debug|Any CPU = Debug|Any CPU
		Release|Any CPU = Release|Any CPU
	EndGlobalSection
	GlobalSection(ProjectConfigurationPlatforms) = postSolution
		{9565A06B-F747-4A41-A097-E592061BA67D}.Debug|Any CPU.ActiveCfg = Debug|Any CPU
		{9565A06B-F747-4A41-A097-E592061BA67D}.Debug|Any CPU.Build.0 = Debug|Any CPU
		{9565A06B-F747-4A41-A097-E592061BA67D}.Release|Any CPU.ActiveCfg = Release|Any CPU
		{9565A06B-F747-4A41-A097-E592061BA67D}.Release|Any CPU.Build.0 = Release|Any CPU
	EndGlobalSection
	GlobalSection(SolutionProperties) = preSolution
		HideSolutionNode = FALSE
	EndGlobalSection
	GlobalSection(ExtensibilityGlobals) = postSolution
		SolutionGuid = {414E3492-40F6-455E-BE8D-28B44E59BF3D}
	EndGlobalSection
EndGlobal
